
Microsoft Visual Studio Solution File, Format Version 12.00
# Visual Studio Version 17
VisualStudioVersion = 17.8.34525.116
MinimumVisualStudioVersion = 10.0.40219.1
Project("{2150E333-8FDC-42A3-9474-1A3956D46DE8}") = "src", "src", "{B670F4D9-5E2E-4630-AB57-425AA1578F4E}"
EndProject
Project("{2150E333-8FDC-42A3-9474-1A3956D46DE8}") = "1. Presentation", "1. Presentation", "{1B503ACA-9CF1-4DA8-8FAA-D0E534A7F0C3}"
EndProject
Project("{2150E333-8FDC-42A3-9474-1A3956D46DE8}") = "2. Application", "2. Application", "{B20ED61C-BE31-4CFF-898D-2AC18CB4F8AC}"
EndProject
Project("{2150E333-8FDC-42A3-9474-1A3956D46DE8}") = "3. Domain", "3. Domain", "{03BE190F-2E6F-40F7-BE75-E3C9FBB415FE}"
EndProject
Project("{2150E333-8FDC-42A3-9474-1A3956D46DE8}") = "4. Infrastructure", "4. Infrastructure", "{FBED2533-67DA-4EAA-BBA8-BC0EAC9D57DF}"
EndProject
Project("{2150E333-8FDC-42A3-9474-1A3956D46DE8}") = "CrossCutting", "CrossCutting", "{9CAF763C-00AC-48CC-9EC3-5777C2C4B205}"
EndProject
Project("{9A19103F-16F7-4668-BE54-9A1E7A4F7556}") = "CheckAPI", "src\CheckAPI\CheckAPI.csproj", "{BD012B1C-7EDE-4499-8AD9-4346C4A9DF5B}"
EndProject
Project("{9A19103F-16F7-4668-BE54-9A1E7A4F7556}") = "CheckApi.TesteFluxo", "src\CheckApi.TesteFluxo\CheckApi.TesteFluxo.csproj", "{69132248-97AB-4E6A-9F0C-15A9F9FA7C4C}"
EndProject
Project("{9A19103F-16F7-4668-BE54-9A1E7A4F7556}") = "CheckAPI.Application", "src\CheckAPI.Application\CheckAPI.Application.csproj", "{4E95C981-E7DA-4349-8555-804ADBDBDF9F}"
EndProject
Project("{9A19103F-16F7-4668-BE54-9A1E7A4F7556}") = "CheckAPI.CrossCutting", "src\CheckAPI.CrossCutting\CheckAPI.CrossCutting.csproj", "{64F890BE-1544-4E65-9AD9-FFF6320ADCD9}"
EndProject
Project("{9A19103F-16F7-4668-BE54-9A1E7A4F7556}") = "CheckAPI.Domain", "src\CheckAPI.Domain\CheckAPI.Domain.csproj", "{5D8FF55A-BADD-46C8-A3AC-80B84F3D95EC}"
EndProject
Project("{9A19103F-16F7-4668-BE54-9A1E7A4F7556}") = "CheckAPI.Infrastructure", "src\CheckAPI.Infrastructure\CheckAPI.Infrastructure.csproj", "{F6ADC4F3-B80A-44E9-BE97-0C6C3463AA0C}"
EndProject
Project("{2150E333-8FDC-42A3-9474-1A3956D46DE8}") = "IoC", "IoC", "{EC6BAB8C-BE64-41E7-8C13-D7362B68ACBF}"
EndProject
Project("{FAE04EC0-301F-11D3-BF4B-00C04F79EFBC}") = "CheckAPI.IoC", "src\CheckAPI.IoC\CheckAPI.IoC.csproj", "{00817981-34CB-471B-95CC-4BCD9AC38916}"
EndProject
Project("{2150E333-8FDC-42A3-9474-1A3956D46DE8}") = "SolutionItems", "SolutionItems", "{F401A23E-3819-4C2B-A7C6-37FD3275A28F}"
	ProjectSection(SolutionItems) = preProject
		.dockerignore = .dockerignore
		.gitignore = .gitignore
	EndProjectSection
EndProject
Global
	GlobalSection(SolutionConfigurationPlatforms) = preSolution
		Debug|Any CPU = Debug|Any CPU
		Release|Any CPU = Release|Any CPU
	EndGlobalSection
	GlobalSection(ProjectConfigurationPlatforms) = postSolution
		{BD012B1C-7EDE-4499-8AD9-4346C4A9DF5B}.Debug|Any CPU.ActiveCfg = Debug|Any CPU
		{BD012B1C-7EDE-4499-8AD9-4346C4A9DF5B}.Debug|Any CPU.Build.0 = Debug|Any CPU
		{BD012B1C-7EDE-4499-8AD9-4346C4A9DF5B}.Release|Any CPU.ActiveCfg = Release|Any CPU
		{BD012B1C-7EDE-4499-8AD9-4346C4A9DF5B}.Release|Any CPU.Build.0 = Release|Any CPU
		{69132248-97AB-4E6A-9F0C-15A9F9FA7C4C}.Debug|Any CPU.ActiveCfg = Debug|Any CPU
		{69132248-97AB-4E6A-9F0C-15A9F9FA7C4C}.Debug|Any CPU.Build.0 = Debug|Any CPU
		{69132248-97AB-4E6A-9F0C-15A9F9FA7C4C}.Release|Any CPU.ActiveCfg = Release|Any CPU
		{69132248-97AB-4E6A-9F0C-15A9F9FA7C4C}.Release|Any CPU.Build.0 = Release|Any CPU
		{4E95C981-E7DA-4349-8555-804ADBDBDF9F}.Debug|Any CPU.ActiveCfg = Debug|Any CPU
		{4E95C981-E7DA-4349-8555-804ADBDBDF9F}.Debug|Any CPU.Build.0 = Debug|Any CPU
		{4E95C981-E7DA-4349-8555-804ADBDBDF9F}.Release|Any CPU.ActiveCfg = Release|Any CPU
		{4E95C981-E7DA-4349-8555-804ADBDBDF9F}.Release|Any CPU.Build.0 = Release|Any CPU
		{64F890BE-1544-4E65-9AD9-FFF6320ADCD9}.Debug|Any CPU.ActiveCfg = Debug|Any CPU
		{64F890BE-1544-4E65-9AD9-FFF6320ADCD9}.Debug|Any CPU.Build.0 = Debug|Any CPU
		{64F890BE-1544-4E65-9AD9-FFF6320ADCD9}.Release|Any CPU.ActiveCfg = Release|Any CPU
		{64F890BE-1544-4E65-9AD9-FFF6320ADCD9}.Release|Any CPU.Build.0 = Release|Any CPU
		{5D8FF55A-BADD-46C8-A3AC-80B84F3D95EC}.Debug|Any CPU.ActiveCfg = Debug|Any CPU
		{5D8FF55A-BADD-46C8-A3AC-80B84F3D95EC}.Debug|Any CPU.Build.0 = Debug|Any CPU
		{5D8FF55A-BADD-46C8-A3AC-80B84F3D95EC}.Release|Any CPU.ActiveCfg = Release|Any CPU
		{5D8FF55A-BADD-46C8-A3AC-80B84F3D95EC}.Release|Any CPU.Build.0 = Release|Any CPU
		{F6ADC4F3-B80A-44E9-BE97-0C6C3463AA0C}.Debug|Any CPU.ActiveCfg = Debug|Any CPU
		{F6ADC4F3-B80A-44E9-BE97-0C6C3463AA0C}.Debug|Any CPU.Build.0 = Debug|Any CPU
		{F6ADC4F3-B80A-44E9-BE97-0C6C3463AA0C}.Release|Any CPU.ActiveCfg = Release|Any CPU
		{F6ADC4F3-B80A-44E9-BE97-0C6C3463AA0C}.Release|Any CPU.Build.0 = Release|Any CPU
		{00817981-34CB-471B-95CC-4BCD9AC38916}.Debug|Any CPU.ActiveCfg = Debug|Any CPU
		{00817981-34CB-471B-95CC-4BCD9AC38916}.Debug|Any CPU.Build.0 = Debug|Any CPU
		{00817981-34CB-471B-95CC-4BCD9AC38916}.Release|Any CPU.ActiveCfg = Release|Any CPU
		{00817981-34CB-471B-95CC-4BCD9AC38916}.Release|Any CPU.Build.0 = Release|Any CPU
	EndGlobalSection
	GlobalSection(SolutionProperties) = preSolution
		HideSolutionNode = FALSE
	EndGlobalSection
	GlobalSection(NestedProjects) = preSolution
		{1B503ACA-9CF1-4DA8-8FAA-D0E534A7F0C3} = {B670F4D9-5E2E-4630-AB57-425AA1578F4E}
		{B20ED61C-BE31-4CFF-898D-2AC18CB4F8AC} = {B670F4D9-5E2E-4630-AB57-425AA1578F4E}
		{03BE190F-2E6F-40F7-BE75-E3C9FBB415FE} = {B670F4D9-5E2E-4630-AB57-425AA1578F4E}
		{FBED2533-67DA-4EAA-BBA8-BC0EAC9D57DF} = {B670F4D9-5E2E-4630-AB57-425AA1578F4E}
		{9CAF763C-00AC-48CC-9EC3-5777C2C4B205} = {B670F4D9-5E2E-4630-AB57-425AA1578F4E}
		{BD012B1C-7EDE-4499-8AD9-4346C4A9DF5B} = {1B503ACA-9CF1-4DA8-8FAA-D0E534A7F0C3}
		{69132248-97AB-4E6A-9F0C-15A9F9FA7C4C} = {1B503ACA-9CF1-4DA8-8FAA-D0E534A7F0C3}
		{4E95C981-E7DA-4349-8555-804ADBDBDF9F} = {B20ED61C-BE31-4CFF-898D-2AC18CB4F8AC}
		{64F890BE-1544-4E65-9AD9-FFF6320ADCD9} = {9CAF763C-00AC-48CC-9EC3-5777C2C4B205}
		{5D8FF55A-BADD-46C8-A3AC-80B84F3D95EC} = {03BE190F-2E6F-40F7-BE75-E3C9FBB415FE}
		{F6ADC4F3-B80A-44E9-BE97-0C6C3463AA0C} = {FBED2533-67DA-4EAA-BBA8-BC0EAC9D57DF}
		{EC6BAB8C-BE64-41E7-8C13-D7362B68ACBF} = {B670F4D9-5E2E-4630-AB57-425AA1578F4E}
		{00817981-34CB-471B-95CC-4BCD9AC38916} = {EC6BAB8C-BE64-41E7-8C13-D7362B68ACBF}
	EndGlobalSection
	GlobalSection(ExtensibilityGlobals) = postSolution
		SolutionGuid = {D464D1DD-0165-4073-A1EA-F06E730AA40D}
	EndGlobalSection
EndGlobal
