
Microsoft Visual Studio Solution File, Format Version 12.00
# Visual Studio Version 17
VisualStudioVersion = 17.8.34525.116
MinimumVisualStudioVersion = 10.0.40219.1
Project("{2150E333-8FDC-42A3-9474-1A3956D46DE8}") = "src", "src", "{B670F4D9-5E2E-4630-AB57-425AA1578F4E}"
EndProject
Project("{2150E333-8FDC-42A3-9474-1A3956D46DE8}") = "1. Presentation", "1. Presentation", "{1B503ACA-9CF1-4DA8-8FAA-D0E534A7F0C3}"
EndProject
Project("{9A19103F-16F7-4668-BE54-9A1E7A4F7556}") = "Gestran.CheckAPI", "src\Gestran.CheckAPI\Gestran.CheckAPI.csproj", "{E26A210A-0863-45F8-982B-D608810ABF7D}"
EndProject
Project("{2150E333-8FDC-42A3-9474-1A3956D46DE8}") = "Application", "Application", "{B20ED61C-BE31-4CFF-898D-2AC18CB4F8AC}"
EndProject
Project("{2150E333-8FDC-42A3-9474-1A3956D46DE8}") = "Domain", "Domain", "{03BE190F-2E6F-40F7-BE75-E3C9FBB415FE}"
EndProject
Project("{2150E333-8FDC-42A3-9474-1A3956D46DE8}") = "Infrastructure", "Infrastructure", "{FBED2533-67DA-4EAA-BBA8-BC0EAC9D57DF}"
EndProject
Project("{2150E333-8FDC-42A3-9474-1A3956D46DE8}") = "CrossCutting", "CrossCutting", "{9CAF763C-00AC-48CC-9EC3-5777C2C4B205}"
EndProject
Project("{FAE04EC0-301F-11D3-BF4B-00C04F79EFBC}") = "Gestran.CheckAPI.Application", "src\Gestran.CheckAPI.Application\Gestran.CheckAPI.Application.csproj", "{F1CE73A1-850C-4E0E-B899-878CB9B5D1EE}"
EndProject
Project("{FAE04EC0-301F-11D3-BF4B-00C04F79EFBC}") = "Gestran.CheckAPI.CrossCutting", "src\Gestran.CheckAPI.CrossCutting\Gestran.CheckAPI.CrossCutting.csproj", "{8602863F-753F-429B-89F2-B6987805C71F}"
EndProject
Project("{FAE04EC0-301F-11D3-BF4B-00C04F79EFBC}") = "Gestran.CheckAPI.Infrastructure", "src\Gestran.CheckAPI.Infrastructure\Gestran.CheckAPI.Infrastructure.csproj", "{2C3B9EED-3326-40F0-884F-06028663B9A7}"
EndProject
Project("{9A19103F-16F7-4668-BE54-9A1E7A4F7556}") = "Gestran.CheckAPI.Domain", "src\Gestran.CheckAPI.Domain\Gestran.CheckAPI.Domain.csproj", "{7888D788-E063-42A3-B00C-437267A9BD67}"
EndProject
Project("{9A19103F-16F7-4668-BE54-9A1E7A4F7556}") = "Gestran.CheckApi.TesteFluxo", "src\Gestran.CheckApi.TesteFluxo\Gestran.CheckApi.TesteFluxo.csproj", "{627E8F26-B1C3-4F36-B2FA-5D0920669751}"
EndProject
Global
	GlobalSection(SolutionConfigurationPlatforms) = preSolution
		Debug|Any CPU = Debug|Any CPU
		Release|Any CPU = Release|Any CPU
	EndGlobalSection
	GlobalSection(ProjectConfigurationPlatforms) = postSolution
		{E26A210A-0863-45F8-982B-D608810ABF7D}.Debug|Any CPU.ActiveCfg = Debug|Any CPU
		{E26A210A-0863-45F8-982B-D608810ABF7D}.Debug|Any CPU.Build.0 = Debug|Any CPU
		{E26A210A-0863-45F8-982B-D608810ABF7D}.Release|Any CPU.ActiveCfg = Release|Any CPU
		{E26A210A-0863-45F8-982B-D608810ABF7D}.Release|Any CPU.Build.0 = Release|Any CPU
		{F1CE73A1-850C-4E0E-B899-878CB9B5D1EE}.Debug|Any CPU.ActiveCfg = Debug|Any CPU
		{F1CE73A1-850C-4E0E-B899-878CB9B5D1EE}.Debug|Any CPU.Build.0 = Debug|Any CPU
		{F1CE73A1-850C-4E0E-B899-878CB9B5D1EE}.Release|Any CPU.ActiveCfg = Release|Any CPU
		{F1CE73A1-850C-4E0E-B899-878CB9B5D1EE}.Release|Any CPU.Build.0 = Release|Any CPU
		{8602863F-753F-429B-89F2-B6987805C71F}.Debug|Any CPU.ActiveCfg = Debug|Any CPU
		{8602863F-753F-429B-89F2-B6987805C71F}.Debug|Any CPU.Build.0 = Debug|Any CPU
		{8602863F-753F-429B-89F2-B6987805C71F}.Release|Any CPU.ActiveCfg = Release|Any CPU
		{8602863F-753F-429B-89F2-B6987805C71F}.Release|Any CPU.Build.0 = Release|Any CPU
		{2C3B9EED-3326-40F0-884F-06028663B9A7}.Debug|Any CPU.ActiveCfg = Debug|Any CPU
		{2C3B9EED-3326-40F0-884F-06028663B9A7}.Debug|Any CPU.Build.0 = Debug|Any CPU
		{2C3B9EED-3326-40F0-884F-06028663B9A7}.Release|Any CPU.ActiveCfg = Release|Any CPU
		{2C3B9EED-3326-40F0-884F-06028663B9A7}.Release|Any CPU.Build.0 = Release|Any CPU
		{7888D788-E063-42A3-B00C-437267A9BD67}.Debug|Any CPU.ActiveCfg = Debug|Any CPU
		{7888D788-E063-42A3-B00C-437267A9BD67}.Debug|Any CPU.Build.0 = Debug|Any CPU
		{7888D788-E063-42A3-B00C-437267A9BD67}.Release|Any CPU.ActiveCfg = Release|Any CPU
		{7888D788-E063-42A3-B00C-437267A9BD67}.Release|Any CPU.Build.0 = Release|Any CPU
		{627E8F26-B1C3-4F36-B2FA-5D0920669751}.Debug|Any CPU.ActiveCfg = Debug|Any CPU
		{627E8F26-B1C3-4F36-B2FA-5D0920669751}.Debug|Any CPU.Build.0 = Debug|Any CPU
		{627E8F26-B1C3-4F36-B2FA-5D0920669751}.Release|Any CPU.ActiveCfg = Release|Any CPU
		{627E8F26-B1C3-4F36-B2FA-5D0920669751}.Release|Any CPU.Build.0 = Release|Any CPU
	EndGlobalSection
	GlobalSection(SolutionProperties) = preSolution
		HideSolutionNode = FALSE
	EndGlobalSection
	GlobalSection(NestedProjects) = preSolution
		{1B503ACA-9CF1-4DA8-8FAA-D0E534A7F0C3} = {B670F4D9-5E2E-4630-AB57-425AA1578F4E}
		{E26A210A-0863-45F8-982B-D608810ABF7D} = {1B503ACA-9CF1-4DA8-8FAA-D0E534A7F0C3}
		{B20ED61C-BE31-4CFF-898D-2AC18CB4F8AC} = {B670F4D9-5E2E-4630-AB57-425AA1578F4E}
		{03BE190F-2E6F-40F7-BE75-E3C9FBB415FE} = {B670F4D9-5E2E-4630-AB57-425AA1578F4E}
		{FBED2533-67DA-4EAA-BBA8-BC0EAC9D57DF} = {B670F4D9-5E2E-4630-AB57-425AA1578F4E}
		{9CAF763C-00AC-48CC-9EC3-5777C2C4B205} = {B670F4D9-5E2E-4630-AB57-425AA1578F4E}
		{F1CE73A1-850C-4E0E-B899-878CB9B5D1EE} = {B20ED61C-BE31-4CFF-898D-2AC18CB4F8AC}
		{8602863F-753F-429B-89F2-B6987805C71F} = {9CAF763C-00AC-48CC-9EC3-5777C2C4B205}
		{2C3B9EED-3326-40F0-884F-06028663B9A7} = {FBED2533-67DA-4EAA-BBA8-BC0EAC9D57DF}
		{7888D788-E063-42A3-B00C-437267A9BD67} = {03BE190F-2E6F-40F7-BE75-E3C9FBB415FE}
		{627E8F26-B1C3-4F36-B2FA-5D0920669751} = {1B503ACA-9CF1-4DA8-8FAA-D0E534A7F0C3}
	EndGlobalSection
	GlobalSection(ExtensibilityGlobals) = postSolution
		SolutionGuid = {D464D1DD-0165-4073-A1EA-F06E730AA40D}
	EndGlobalSection
EndGlobal
